
Microsoft Visual Studio Solution File, Format Version 12.00
# Visual Studio Version 16
VisualStudioVersion = 16.0.31624.102
MinimumVisualStudioVersion = 10.0.40219.1
Project("{FAE04EC0-301F-11D3-BF4B-00C04F79EFBC}") = "HepsigidiyorOOP_Example", "HepsigidiyorOOP_Example\HepsigidiyorOOP_Example.csproj", "{275B85F6-7C48-4004-9337-7C687780AC2F}"
EndProject
Global
	GlobalSection(SolutionConfigurationPlatforms) = preSolution
		Debug|Any CPU = Debug|Any CPU
		Release|Any CPU = Release|Any CPU
	EndGlobalSection
	GlobalSection(ProjectConfigurationPlatforms) = postSolution
		{275B85F6-7C48-4004-9337-7C687780AC2F}.Debug|Any CPU.ActiveCfg = Debug|Any CPU
		{275B85F6-7C48-4004-9337-7C687780AC2F}.Debug|Any CPU.Build.0 = Debug|Any CPU
		{275B85F6-7C48-4004-9337-7C687780AC2F}.Release|Any CPU.ActiveCfg = Release|Any CPU
		{275B85F6-7C48-4004-9337-7C687780AC2F}.Release|Any CPU.Build.0 = Release|Any CPU
	EndGlobalSection
	GlobalSection(SolutionProperties) = preSolution
		HideSolutionNode = FALSE
	EndGlobalSection
	GlobalSection(ExtensibilityGlobals) = postSolution
		SolutionGuid = {706497B2-768B-4C8E-B38E-69E27AB05505}
	EndGlobalSection
EndGlobal
